
Microsoft Visual Studio Solution File, Format Version 12.00
Project("{FAE04EC0-301F-11D3-BF4B-00C04F79EFBC}") = "AutoTf.CentralBridgeOS.Services", "AutoTf.CentralBridgeOS.Services\AutoTf.CentralBridgeOS.Services.csproj", "{66509DAD-8289-48F9-A170-4D38EFCA029F}"
EndProject
Project("{FAE04EC0-301F-11D3-BF4B-00C04F79EFBC}") = "AutoTf.CentralBridgeOS.Server", "AutoTf.CentralBridgeOS.Server\AutoTf.CentralBridgeOS.Server.csproj", "{F1A8AE6B-44E9-4200-9CCC-961EDC93BE13}"
EndProject
Project("{FAE04EC0-301F-11D3-BF4B-00C04F79EFBC}") = "AutoTf.CentralBridgeOS.Models", "AutoTf.CentralBridgeOS.Models\AutoTf.CentralBridgeOS.Models.csproj", "{45E84A0D-2825-42F0-9DBD-85891BD5C1A0}"
EndProject
Project("{FAE04EC0-301F-11D3-BF4B-00C04F79EFBC}") = "AutoTf.CentralBridgeOS.Extensions", "AutoTf.CentralBridgeOS.Extensions\AutoTf.CentralBridgeOS.Extensions.csproj", "{94653547-CB18-4773-9BF5-F4CDC78612BE}"
EndProject
Project("{FAE04EC0-301F-11D3-BF4B-00C04F79EFBC}") = "AutoTf.CentralBridgeOS.TrainModels", "AutoTf.CentralBridgeOS.TrainModels\AutoTf.CentralBridgeOS.TrainModels.csproj", "{490A202C-CFE3-46E8-9116-24CFFE6ED7F2}"
EndProject
Project("{FAE04EC0-301F-11D3-BF4B-00C04F79EFBC}") = "AutoTf.CentralBridgeOS.Sync", "AutoTf.CentralBridgeOS.Sync\AutoTf.CentralBridgeOS.Sync.csproj", "{77A01AFF-F861-4193-AB81-79455E2080A0}"
EndProject
Project("{FAE04EC0-301F-11D3-BF4B-00C04F79EFBC}") = "AutoTf.CentralBridgeOS.CameraService", "AutoTf.CentralBridgeOS.CameraService\AutoTf.CentralBridgeOS.CameraService.csproj", "{1DFAC6BA-3C83-4317-BB7E-65E84FED555B}"
EndProject
Project("{FAE04EC0-301F-11D3-BF4B-00C04F79EFBC}") = "AutoTf.CentralBridgeOS.FahrplanParser", "AutoTf.CentralBridgeOS.FahrplanParser\AutoTf.CentralBridgeOS.FahrplanParser.csproj", "{7ECBE64B-6AAE-48AA-8B4A-0F13F9361C31}"
EndProject
Project("{FAE04EC0-301F-11D3-BF4B-00C04F79EFBC}") = "AutoTf.CentralBridgeOS.FahrplanParser.Models", "AutoTf.CentralBridgeOS.FahrplanParser.Models\AutoTf.CentralBridgeOS.FahrplanParser.Models.csproj", "{0D8064C8-8B4C-4BC2-900A-0C42EA74F966}"
EndProject
Project("{FAE04EC0-301F-11D3-BF4B-00C04F79EFBC}") = "AutoTf.CentralBridgeOS.Displays", "AutoTf.CentralBridgeOS.Displays\AutoTf.CentralBridgeOS.Displays.csproj", "{327948C0-16CB-426A-A289-AF0F32D90411}"
EndProject
Project("{FAE04EC0-301F-11D3-BF4B-00C04F79EFBC}") = "AutoTf.CentralBridgeOS.CcdDisplays", "AutoTf.CentralBridgeOS.CcdDisplays\AutoTf.CentralBridgeOS.CcdDisplays.csproj", "{E35BB255-D5D2-4512-92C3-BC18C3AF1217}"
EndProject
Global
	GlobalSection(SolutionConfigurationPlatforms) = preSolution
		Debug|Any CPU = Debug|Any CPU
		Release|Any CPU = Release|Any CPU
	EndGlobalSection
	GlobalSection(ProjectConfigurationPlatforms) = postSolution
		{66509DAD-8289-48F9-A170-4D38EFCA029F}.Debug|Any CPU.ActiveCfg = Debug|Any CPU
		{66509DAD-8289-48F9-A170-4D38EFCA029F}.Debug|Any CPU.Build.0 = Debug|Any CPU
		{66509DAD-8289-48F9-A170-4D38EFCA029F}.Release|Any CPU.ActiveCfg = Release|Any CPU
		{66509DAD-8289-48F9-A170-4D38EFCA029F}.Release|Any CPU.Build.0 = Release|Any CPU
		{F1A8AE6B-44E9-4200-9CCC-961EDC93BE13}.Debug|Any CPU.ActiveCfg = Debug|Any CPU
		{F1A8AE6B-44E9-4200-9CCC-961EDC93BE13}.Debug|Any CPU.Build.0 = Debug|Any CPU
		{F1A8AE6B-44E9-4200-9CCC-961EDC93BE13}.Release|Any CPU.ActiveCfg = Release|Any CPU
		{F1A8AE6B-44E9-4200-9CCC-961EDC93BE13}.Release|Any CPU.Build.0 = Release|Any CPU
		{45E84A0D-2825-42F0-9DBD-85891BD5C1A0}.Debug|Any CPU.ActiveCfg = Debug|Any CPU
		{45E84A0D-2825-42F0-9DBD-85891BD5C1A0}.Debug|Any CPU.Build.0 = Debug|Any CPU
		{45E84A0D-2825-42F0-9DBD-85891BD5C1A0}.Release|Any CPU.ActiveCfg = Release|Any CPU
		{45E84A0D-2825-42F0-9DBD-85891BD5C1A0}.Release|Any CPU.Build.0 = Release|Any CPU
		{94653547-CB18-4773-9BF5-F4CDC78612BE}.Debug|Any CPU.ActiveCfg = Debug|Any CPU
		{94653547-CB18-4773-9BF5-F4CDC78612BE}.Debug|Any CPU.Build.0 = Debug|Any CPU
		{94653547-CB18-4773-9BF5-F4CDC78612BE}.Release|Any CPU.ActiveCfg = Release|Any CPU
		{94653547-CB18-4773-9BF5-F4CDC78612BE}.Release|Any CPU.Build.0 = Release|Any CPU
		{490A202C-CFE3-46E8-9116-24CFFE6ED7F2}.Debug|Any CPU.ActiveCfg = Debug|Any CPU
		{490A202C-CFE3-46E8-9116-24CFFE6ED7F2}.Debug|Any CPU.Build.0 = Debug|Any CPU
		{490A202C-CFE3-46E8-9116-24CFFE6ED7F2}.Release|Any CPU.ActiveCfg = Release|Any CPU
		{490A202C-CFE3-46E8-9116-24CFFE6ED7F2}.Release|Any CPU.Build.0 = Release|Any CPU
		{77A01AFF-F861-4193-AB81-79455E2080A0}.Debug|Any CPU.ActiveCfg = Debug|Any CPU
		{77A01AFF-F861-4193-AB81-79455E2080A0}.Debug|Any CPU.Build.0 = Debug|Any CPU
		{77A01AFF-F861-4193-AB81-79455E2080A0}.Release|Any CPU.ActiveCfg = Release|Any CPU
		{77A01AFF-F861-4193-AB81-79455E2080A0}.Release|Any CPU.Build.0 = Release|Any CPU
		{1DFAC6BA-3C83-4317-BB7E-65E84FED555B}.Debug|Any CPU.ActiveCfg = Debug|Any CPU
		{1DFAC6BA-3C83-4317-BB7E-65E84FED555B}.Debug|Any CPU.Build.0 = Debug|Any CPU
		{1DFAC6BA-3C83-4317-BB7E-65E84FED555B}.Release|Any CPU.ActiveCfg = Release|Any CPU
		{1DFAC6BA-3C83-4317-BB7E-65E84FED555B}.Release|Any CPU.Build.0 = Release|Any CPU
		{7ECBE64B-6AAE-48AA-8B4A-0F13F9361C31}.Debug|Any CPU.ActiveCfg = Debug|Any CPU
		{7ECBE64B-6AAE-48AA-8B4A-0F13F9361C31}.Debug|Any CPU.Build.0 = Debug|Any CPU
		{7ECBE64B-6AAE-48AA-8B4A-0F13F9361C31}.Release|Any CPU.ActiveCfg = Release|Any CPU
		{7ECBE64B-6AAE-48AA-8B4A-0F13F9361C31}.Release|Any CPU.Build.0 = Release|Any CPU
		{0D8064C8-8B4C-4BC2-900A-0C42EA74F966}.Debug|Any CPU.ActiveCfg = Debug|Any CPU
		{0D8064C8-8B4C-4BC2-900A-0C42EA74F966}.Debug|Any CPU.Build.0 = Debug|Any CPU
		{0D8064C8-8B4C-4BC2-900A-0C42EA74F966}.Release|Any CPU.ActiveCfg = Release|Any CPU
		{0D8064C8-8B4C-4BC2-900A-0C42EA74F966}.Release|Any CPU.Build.0 = Release|Any CPU
		{327948C0-16CB-426A-A289-AF0F32D90411}.Debug|Any CPU.ActiveCfg = Debug|Any CPU
		{327948C0-16CB-426A-A289-AF0F32D90411}.Debug|Any CPU.Build.0 = Debug|Any CPU
		{327948C0-16CB-426A-A289-AF0F32D90411}.Release|Any CPU.ActiveCfg = Release|Any CPU
		{327948C0-16CB-426A-A289-AF0F32D90411}.Release|Any CPU.Build.0 = Release|Any CPU
		{E35BB255-D5D2-4512-92C3-BC18C3AF1217}.Debug|Any CPU.ActiveCfg = Debug|Any CPU
		{E35BB255-D5D2-4512-92C3-BC18C3AF1217}.Debug|Any CPU.Build.0 = Debug|Any CPU
		{E35BB255-D5D2-4512-92C3-BC18C3AF1217}.Release|Any CPU.ActiveCfg = Release|Any CPU
		{E35BB255-D5D2-4512-92C3-BC18C3AF1217}.Release|Any CPU.Build.0 = Release|Any CPU
	EndGlobalSection
EndGlobal
