
Microsoft Visual Studio Solution File, Format Version 12.00
Project("{FAE04EC0-301F-11D3-BF4B-00C04F79EFBC}") = "AutoTf.CentralBridgeOS.Services", "AutoTf.CentralBridgeOS.Services\AutoTf.CentralBridgeOS.Services.csproj", "{66509DAD-8289-48F9-A170-4D38EFCA029F}"
EndProject
Project("{FAE04EC0-301F-11D3-BF4B-00C04F79EFBC}") = "AutoTf.CentralBridgeOS.Server", "AutoTf.CentralBridgeOS.Server\AutoTf.CentralBridgeOS.Server.csproj", "{F1A8AE6B-44E9-4200-9CCC-961EDC93BE13}"
EndProject
Global
	GlobalSection(SolutionConfigurationPlatforms) = preSolution
		Debug|Any CPU = Debug|Any CPU
		Release|Any CPU = Release|Any CPU
	EndGlobalSection
	GlobalSection(ProjectConfigurationPlatforms) = postSolution
		{66509DAD-8289-48F9-A170-4D38EFCA029F}.Debug|Any CPU.ActiveCfg = Debug|Any CPU
		{66509DAD-8289-48F9-A170-4D38EFCA029F}.Debug|Any CPU.Build.0 = Debug|Any CPU
		{66509DAD-8289-48F9-A170-4D38EFCA029F}.Release|Any CPU.ActiveCfg = Release|Any CPU
		{66509DAD-8289-48F9-A170-4D38EFCA029F}.Release|Any CPU.Build.0 = Release|Any CPU
		{F1A8AE6B-44E9-4200-9CCC-961EDC93BE13}.Debug|Any CPU.ActiveCfg = Debug|Any CPU
		{F1A8AE6B-44E9-4200-9CCC-961EDC93BE13}.Debug|Any CPU.Build.0 = Debug|Any CPU
		{F1A8AE6B-44E9-4200-9CCC-961EDC93BE13}.Release|Any CPU.ActiveCfg = Release|Any CPU
		{F1A8AE6B-44E9-4200-9CCC-961EDC93BE13}.Release|Any CPU.Build.0 = Release|Any CPU
	EndGlobalSection
EndGlobal
